
Microsoft Visual Studio Solution File, Format Version 12.00
# Visual Studio Version 17
VisualStudioVersion = 17.0.31903.59
MinimumVisualStudioVersion = 10.0.40219.1
Project("{9A19103F-16F7-4668-BE54-9A1E7A4F7556}") = "api", "api\api.csproj", "{378DCBF3-5113-4F18-BB72-011118F3AD44}"
EndProject
Project("{2150E333-8FDC-42A3-9474-1A3956D46DE8}") = "_SolutionItems", "_SolutionItems", "{7F7835F3-AA3E-4F2A-8E8B-D3014BB9D137}"
	ProjectSection(SolutionItems) = preProject
		.gitignore = .gitignore
		README.md = README.md
	EndProjectSection
EndProject
Global
	GlobalSection(SolutionConfigurationPlatforms) = preSolution
		Debug|Any CPU = Debug|Any CPU
		Release|Any CPU = Release|Any CPU
	EndGlobalSection
	GlobalSection(ProjectConfigurationPlatforms) = postSolution
		{378DCBF3-5113-4F18-BB72-011118F3AD44}.Debug|Any CPU.ActiveCfg = Debug|Any CPU
		{378DCBF3-5113-4F18-BB72-011118F3AD44}.Debug|Any CPU.Build.0 = Debug|Any CPU
		{378DCBF3-5113-4F18-BB72-011118F3AD44}.Release|Any CPU.ActiveCfg = Release|Any CPU
		{378DCBF3-5113-4F18-BB72-011118F3AD44}.Release|Any CPU.Build.0 = Release|Any CPU
	EndGlobalSection
	GlobalSection(SolutionProperties) = preSolution
		HideSolutionNode = FALSE
	EndGlobalSection
	GlobalSection(ExtensibilityGlobals) = postSolution
		SolutionGuid = {F9DDB449-10F6-4519-8691-B41BE95E276E}
	EndGlobalSection
EndGlobal
